
Microsoft Visual Studio Solution File, Format Version 12.00
# Visual Studio Version 16
VisualStudioVersion = 16.0.30309.148
MinimumVisualStudioVersion = 10.0.40219.1
Project("{FAE04EC0-301F-11D3-BF4B-00C04F79EFBC}") = "ClientManagement", "ClientManagement\ClientManagement.csproj", "{C95D3E78-7CF6-438C-98CC-71C4FDD0C217}"
EndProject
Global
	GlobalSection(SolutionConfigurationPlatforms) = preSolution
		Debug|Any CPU = Debug|Any CPU
		Release|Any CPU = Release|Any CPU
	EndGlobalSection
	GlobalSection(ProjectConfigurationPlatforms) = postSolution
		{C95D3E78-7CF6-438C-98CC-71C4FDD0C217}.Debug|Any CPU.ActiveCfg = Debug|Any CPU
		{C95D3E78-7CF6-438C-98CC-71C4FDD0C217}.Debug|Any CPU.Build.0 = Debug|Any CPU
		{C95D3E78-7CF6-438C-98CC-71C4FDD0C217}.Release|Any CPU.ActiveCfg = Release|Any CPU
		{C95D3E78-7CF6-438C-98CC-71C4FDD0C217}.Release|Any CPU.Build.0 = Release|Any CPU
	EndGlobalSection
	GlobalSection(SolutionProperties) = preSolution
		HideSolutionNode = FALSE
	EndGlobalSection
	GlobalSection(ExtensibilityGlobals) = postSolution
		SolutionGuid = {7ACB2927-DBC7-45BC-B588-752DAA00CDF3}
	EndGlobalSection
EndGlobal
